<?xml version="1.0" encoding="UTF-8" standalone="yes" ?>
<CodeBlocks_project_file>
	<FileVersion major="1" minor="6" />
	<Project>
		<Option title="Projekt PO" />
		<Option pch_mode="2" />
		<Option compiler="gcc" />
		<Build>
			<Target title="Debug">
				<Option output="bin/Debug/Projekt PO" prefix_auto="1" extension_auto="1" />
				<Option object_output="obj/Debug/" />
				<Option type="1" />
				<Option compiler="gcc" />
				<Compiler>
					<Add option="-g" />
					<Add option="-DSFML_STATIC" />
					<Add directory="include" />
					<Add directory="../Projekt PO" />
				</Compiler>
				<Linker>
					<Add library="sfml-graphics-s-d" />
					<Add library="sfml-window-s-d" />
					<Add library="sfml-system-s-d" />
					<Add library="opengl32" />
					<Add library="winmm" />
					<Add library="freetype" />
					<Add library="gdi32" />
				</Linker>
			</Target>
			<Target title="Release">
				<Option output="bin/Release/Projekt PO" prefix_auto="1" extension_auto="1" />
				<Option object_output="obj/Release/" />
				<Option type="1" />
				<Option compiler="gcc" />
				<Compiler>
					<Add option="-O2" />
					<Add directory="include" />
					<Add directory="../Projekt PO" />
				</Compiler>
				<Linker>
					<Add option="-s" />
				</Linker>
			</Target>
		</Build>
		<Compiler>
			<Add option="-Wall" />
			<Add option="-fexceptions" />
			<Add directory="C:/Users/Wiktor/Desktop/projektpo/Projekt PO/SFML-2.5.1/include" />
		</Compiler>
		<Linker>
			<Add directory="C:/Users/Wiktor/Desktop/projektpo/Projekt PO/SFML-2.5.1/lib" />
		</Linker>
		<Unit filename="Logger.cpp" />
		<Unit filename="Logger.h" />
		<Unit filename="RoadMap.cpp" />
		<Unit filename="RoadMap.h" />
		<Unit filename="TrafficManager.cpp" />
		<Unit filename="TrafficManager.h" />
		<Unit filename="Vehicle.cpp" />
		<Unit filename="Vehicle.hpp" />
		<Unit filename="main.cpp" />
		<Unit filename="platform.cpp" />
		<Unit filename="platform.h" />
		<Unit filename="road.cpp" />
		<Unit filename="road.h" />
		<Unit filename="tram.cpp" />
		<Unit filename="tram.h" />
		<Extensions>
			<lib_finder disable_auto="1" />
		</Extensions>
	</Project>
</CodeBlocks_project_file>
